// !$*UTF8*$!
{
	archiveVersion = 1;
	classes = {
	};
	objectVersion = 56;
	objects = {

/* Begin PBXBuildFile section */
		76C7C94F2A542E960049E815 /* AppDelegate.swift in Sources */ = {isa = PBXBuildFile; fileRef = 76C7C94E2A542E960049E815 /* AppDelegate.swift */; };
		76C7C9512A542E960049E815 /* SceneDelegate.swift in Sources */ = {isa = PBXBuildFile; fileRef = 76C7C9502A542E960049E815 /* SceneDelegate.swift */; };
		76C7C9532A542E960049E815 /* ViewController.swift in Sources */ = {isa = PBXBuildFile; fileRef = 76C7C9522A542E960049E815 /* ViewController.swift */; };
		76C7C9562A542E960049E815 /* Main.storyboard in Resources */ = {isa = PBXBuildFile; fileRef = 76C7C9542A542E960049E815 /* Main.storyboard */; };
		76C7C9582A542E980049E815 /* Assets.xcassets in Resources */ = {isa = PBXBuildFile; fileRef = 76C7C9572A542E980049E815 /* Assets.xcassets */; };
		76C7C95B2A542E980049E815 /* LaunchScreen.storyboard in Resources */ = {isa = PBXBuildFile; fileRef = 76C7C9592A542E980049E815 /* LaunchScreen.storyboard */; };
		76C7C9662A542E980049E815 /* FCMTestTests.swift in Sources */ = {isa = PBXBuildFile; fileRef = 76C7C9652A542E980049E815 /* FCMTestTests.swift */; };
		76C7C9702A542E980049E815 /* FCMTestUITests.swift in Sources */ = {isa = PBXBuildFile; fileRef = 76C7C96F2A542E980049E815 /* FCMTestUITests.swift */; };
		76C7C9722A542E980049E815 /* FCMTestUITestsLaunchTests.swift in Sources */ = {isa = PBXBuildFile; fileRef = 76C7C9712A542E980049E815 /* FCMTestUITestsLaunchTests.swift */; };
		76C7C97F2A5432130049E815 /* GoogleService-Info.plist in Resources */ = {isa = PBXBuildFile; fileRef = 76C7C97E2A5432130049E815 /* GoogleService-Info.plist */; };
		76C7C9822A5433440049E815 /* FirebaseMessaging in Frameworks */ = {isa = PBXBuildFile; productRef = 76C7C9812A5433440049E815 /* FirebaseMessaging */; };
/* End PBXBuildFile section */

/* Begin PBXContainerItemProxy section */
		76C7C9622A542E980049E815 /* PBXContainerItemProxy */ = {
			isa = PBXContainerItemProxy;
			containerPortal = 76C7C9432A542E960049E815 /* Project object */;
			proxyType = 1;
			remoteGlobalIDString = 76C7C94A2A542E960049E815;
			remoteInfo = FCMTest;
		};
		76C7C96C2A542E980049E815 /* PBXContainerItemProxy */ = {
			isa = PBXContainerItemProxy;
			containerPortal = 76C7C9432A542E960049E815 /* Project object */;
			proxyType = 1;
			remoteGlobalIDString = 76C7C94A2A542E960049E815;
			remoteInfo = FCMTest;
		};
/* End PBXContainerItemProxy section */

/* Begin PBXFileReference section */
		76C7C94B2A542E960049E815 /* FCMTest.app */ = {isa = PBXFileReference; explicitFileType = wrapper.application; includeInIndex = 0; path = FCMTest.app; sourceTree = BUILT_PRODUCTS_DIR; };
		76C7C94E2A542E960049E815 /* AppDelegate.swift */ = {isa = PBXFileReference; lastKnownFileType = sourcecode.swift; path = AppDelegate.swift; sourceTree = "<group>"; };
		76C7C9502A542E960049E815 /* SceneDelegate.swift */ = {isa = PBXFileReference; lastKnownFileType = sourcecode.swift; path = SceneDelegate.swift; sourceTree = "<group>"; };
		76C7C9522A542E960049E815 /* ViewController.swift */ = {isa = PBXFileReference; lastKnownFileType = sourcecode.swift; path = ViewController.swift; sourceTree = "<group>"; };
		76C7C9552A542E960049E815 /* Base */ = {isa = PBXFileReference; lastKnownFileType = file.storyboard; name = Base; path = Base.lproj/Main.storyboard; sourceTree = "<group>"; };
		76C7C9572A542E980049E815 /* Assets.xcassets */ = {isa = PBXFileReference; lastKnownFileType = folder.assetcatalog; path = Assets.xcassets; sourceTree = "<group>"; };
		76C7C95A2A542E980049E815 /* Base */ = {isa = PBXFileReference; lastKnownFileType = file.storyboard; name = Base; path = Base.lproj/LaunchScreen.storyboard; sourceTree = "<group>"; };
		76C7C95C2A542E980049E815 /* Info.plist */ = {isa = PBXFileReference; lastKnownFileType = text.plist.xml; path = Info.plist; sourceTree = "<group>"; };
		76C7C9612A542E980049E815 /* FCMTestTests.xctest */ = {isa = PBXFileReference; explicitFileType = wrapper.cfbundle; includeInIndex = 0; path = FCMTestTests.xctest; sourceTree = BUILT_PRODUCTS_DIR; };
		76C7C9652A542E980049E815 /* FCMTestTests.swift */ = {isa = PBXFileReference; lastKnownFileType = sourcecode.swift; path = FCMTestTests.swift; sourceTree = "<group>"; };
		76C7C96B2A542E980049E815 /* FCMTestUITests.xctest */ = {isa = PBXFileReference; explicitFileType = wrapper.cfbundle; includeInIndex = 0; path = FCMTestUITests.xctest; sourceTree = BUILT_PRODUCTS_DIR; };
		76C7C96F2A542E980049E815 /* FCMTestUITests.swift */ = {isa = PBXFileReference; lastKnownFileType = sourcecode.swift; path = FCMTestUITests.swift; sourceTree = "<group>"; };
		76C7C9712A542E980049E815 /* FCMTestUITestsLaunchTests.swift */ = {isa = PBXFileReference; lastKnownFileType = sourcecode.swift; path = FCMTestUITestsLaunchTests.swift; sourceTree = "<group>"; };
		76C7C97E2A5432130049E815 /* GoogleService-Info.plist */ = {isa = PBXFileReference; fileEncoding = 4; lastKnownFileType = text.plist.xml; path = "GoogleService-Info.plist"; sourceTree = "<group>"; };
		76C7C9832A5433850049E815 /* FCMTest.entitlements */ = {isa = PBXFileReference; lastKnownFileType = text.plist.entitlements; path = FCMTest.entitlements; sourceTree = "<group>"; };
/* End PBXFileReference section */

/* Begin PBXFrameworksBuildPhase section */
		76C7C9482A542E960049E815 /* Frameworks */ = {
			isa = PBXFrameworksBuildPhase;
			buildActionMask = 2147483647;
			files = (
				76C7C9822A5433440049E815 /* FirebaseMessaging in Frameworks */,
			);
			runOnlyForDeploymentPostprocessing = 0;
		};
		76C7C95E2A542E980049E815 /* Frameworks */ = {
			isa = PBXFrameworksBuildPhase;
			buildActionMask = 2147483647;
			files = (
			);
			runOnlyForDeploymentPostprocessing = 0;
		};
		76C7C9682A542E980049E815 /* Frameworks */ = {
			isa = PBXFrameworksBuildPhase;
			buildActionMask = 2147483647;
			files = (
			);
			runOnlyForDeploymentPostprocessing = 0;
		};
/* End PBXFrameworksBuildPhase section */

/* Begin PBXGroup section */
		76C7C9422A542E960049E815 = {
			isa = PBXGroup;
			children = (
				76C7C94D2A542E960049E815 /* FCMTest */,
				76C7C9642A542E980049E815 /* FCMTestTests */,
				76C7C96E2A542E980049E815 /* FCMTestUITests */,
				76C7C94C2A542E960049E815 /* Products */,
			);
			sourceTree = "<group>";
		};
		76C7C94C2A542E960049E815 /* Products */ = {
			isa = PBXGroup;
			children = (
				76C7C94B2A542E960049E815 /* FCMTest.app */,
				76C7C9612A542E980049E815 /* FCMTestTests.xctest */,
				76C7C96B2A542E980049E815 /* FCMTestUITests.xctest */,
			);
			name = Products;
			sourceTree = "<group>";
		};
		76C7C94D2A542E960049E815 /* FCMTest */ = {
			isa = PBXGroup;
			children = (
				76C7C9832A5433850049E815 /* FCMTest.entitlements */,
				76C7C97E2A5432130049E815 /* GoogleService-Info.plist */,
				76C7C94E2A542E960049E815 /* AppDelegate.swift */,
				76C7C9502A542E960049E815 /* SceneDelegate.swift */,
				76C7C9522A542E960049E815 /* ViewController.swift */,
				76C7C9542A542E960049E815 /* Main.storyboard */,
				76C7C9572A542E980049E815 /* Assets.xcassets */,
				76C7C9592A542E980049E815 /* LaunchScreen.storyboard */,
				76C7C95C2A542E980049E815 /* Info.plist */,
			);
			path = FCMTest;
			sourceTree = "<group>";
		};
		76C7C9642A542E980049E815 /* FCMTestTests */ = {
			isa = PBXGroup;
			children = (
				76C7C9652A542E980049E815 /* FCMTestTests.swift */,
			);
			path = FCMTestTests;
			sourceTree = "<group>";
		};
		76C7C96E2A542E980049E815 /* FCMTestUITests */ = {
			isa = PBXGroup;
			children = (
				76C7C96F2A542E980049E815 /* FCMTestUITests.swift */,
				76C7C9712A542E980049E815 /* FCMTestUITestsLaunchTests.swift */,
			);
			path = FCMTestUITests;
			sourceTree = "<group>";
		};
/* End PBXGroup section */

/* Begin PBXNativeTarget section */
		76C7C94A2A542E960049E815 /* FCMTest */ = {
			isa = PBXNativeTarget;
			buildConfigurationList = 76C7C9752A542E980049E815 /* Build configuration list for PBXNativeTarget "FCMTest" */;
			buildPhases = (
				76C7C9472A542E960049E815 /* Sources */,
				76C7C9482A542E960049E815 /* Frameworks */,
				76C7C9492A542E960049E815 /* Resources */,
			);
			buildRules = (
			);
			dependencies = (
			);
			name = FCMTest;
			packageProductDependencies = (
				76C7C9812A5433440049E815 /* FirebaseMessaging */,
			);
			productName = FCMTest;
			productReference = 76C7C94B2A542E960049E815 /* FCMTest.app */;
			productType = "com.apple.product-type.application";
		};
		76C7C9602A542E980049E815 /* FCMTestTests */ = {
			isa = PBXNativeTarget;
			buildConfigurationList = 76C7C9782A542E980049E815 /* Build configuration list for PBXNativeTarget "FCMTestTests" */;
			buildPhases = (
				76C7C95D2A542E980049E815 /* Sources */,
				76C7C95E2A542E980049E815 /* Frameworks */,
				76C7C95F2A542E980049E815 /* Resources */,
			);
			buildRules = (
			);
			dependencies = (
				76C7C9632A542E980049E815 /* PBXTargetDependency */,
			);
			name = FCMTestTests;
			productName = FCMTestTests;
			productReference = 76C7C9612A542E980049E815 /* FCMTestTests.xctest */;
			productType = "com.apple.product-type.bundle.unit-test";
		};
		76C7C96A2A542E980049E815 /* FCMTestUITests */ = {
			isa = PBXNativeTarget;
			buildConfigurationList = 76C7C97B2A542E980049E815 /* Build configuration list for PBXNativeTarget "FCMTestUITests" */;
			buildPhases = (
				76C7C9672A542E980049E815 /* Sources */,
				76C7C9682A542E980049E815 /* Frameworks */,
				76C7C9692A542E980049E815 /* Resources */,
			);
			buildRules = (
			);
			dependencies = (
				76C7C96D2A542E980049E815 /* PBXTargetDependency */,
			);
			name = FCMTestUITests;
			productName = FCMTestUITests;
			productReference = 76C7C96B2A542E980049E815 /* FCMTestUITests.xctest */;
			productType = "com.apple.product-type.bundle.ui-testing";
		};
/* End PBXNativeTarget section */

/* Begin PBXProject section */
		76C7C9432A542E960049E815 /* Project object */ = {
			isa = PBXProject;
			attributes = {
				BuildIndependentTargetsInParallel = 1;
				LastSwiftUpdateCheck = 1430;
				LastUpgradeCheck = 1430;
				TargetAttributes = {
					76C7C94A2A542E960049E815 = {
						CreatedOnToolsVersion = 14.3.1;
					};
					76C7C9602A542E980049E815 = {
						CreatedOnToolsVersion = 14.3.1;
						TestTargetID = 76C7C94A2A542E960049E815;
					};
					76C7C96A2A542E980049E815 = {
						CreatedOnToolsVersion = 14.3.1;
						TestTargetID = 76C7C94A2A542E960049E815;
					};
				};
			};
			buildConfigurationList = 76C7C9462A542E960049E815 /* Build configuration list for PBXProject "FCMTest" */;
			compatibilityVersion = "Xcode 14.0";
			developmentRegion = en;
			hasScannedForEncodings = 0;
			knownRegions = (
				en,
				Base,
			);
			mainGroup = 76C7C9422A542E960049E815;
			packageReferences = (
				76C7C9802A5433440049E815 /* XCRemoteSwiftPackageReference "firebase-ios-sdk" */,
			);
			productRefGroup = 76C7C94C2A542E960049E815 /* Products */;
			projectDirPath = "";
			projectRoot = "";
			targets = (
				76C7C94A2A542E960049E815 /* FCMTest */,
				76C7C9602A542E980049E815 /* FCMTestTests */,
				76C7C96A2A542E980049E815 /* FCMTestUITests */,
			);
		};
/* End PBXProject section */

/* Begin PBXResourcesBuildPhase section */
		76C7C9492A542E960049E815 /* Resources */ = {
			isa = PBXResourcesBuildPhase;
			buildActionMask = 2147483647;
			files = (
				76C7C95B2A542E980049E815 /* LaunchScreen.storyboard in Resources */,
				76C7C97F2A5432130049E815 /* GoogleService-Info.plist in Resources */,
				76C7C9582A542E980049E815 /* Assets.xcassets in Resources */,
				76C7C9562A542E960049E815 /* Main.storyboard in Resources */,
			);
			runOnlyForDeploymentPostprocessing = 0;
		};
		76C7C95F2A542E980049E815 /* Resources */ = {
			isa = PBXResourcesBuildPhase;
			buildActionMask = 2147483647;
			files = (
			);
			runOnlyForDeploymentPostprocessing = 0;
		};
		76C7C9692A542E980049E815 /* Resources */ = {
			isa = PBXResourcesBuildPhase;
			buildActionMask = 2147483647;
			files = (
			);
			runOnlyForDeploymentPostprocessing = 0;
		};
/* End PBXResourcesBuildPhase section */

/* Begin PBXSourcesBuildPhase section */
		76C7C9472A542E960049E815 /* Sources */ = {
			isa = PBXSourcesBuildPhase;
			buildActionMask = 2147483647;
			files = (
				76C7C9532A542E960049E815 /* ViewController.swift in Sources */,
				76C7C94F2A542E960049E815 /* AppDelegate.swift in Sources */,
				76C7C9512A542E960049E815 /* SceneDelegate.swift in Sources */,
			);
			runOnlyForDeploymentPostprocessing = 0;
		};
		76C7C95D2A542E980049E815 /* Sources */ = {
			isa = PBXSourcesBuildPhase;
			buildActionMask = 2147483647;
			files = (
				76C7C9662A542E980049E815 /* FCMTestTests.swift in Sources */,
			);
			runOnlyForDeploymentPostprocessing = 0;
		};
		76C7C9672A542E980049E815 /* Sources */ = {
			isa = PBXSourcesBuildPhase;
			buildActionMask = 2147483647;
			files = (
				76C7C9702A542E980049E815 /* FCMTestUITests.swift in Sources */,
				76C7C9722A542E980049E815 /* FCMTestUITestsLaunchTests.swift in Sources */,
			);
			runOnlyForDeploymentPostprocessing = 0;
		};
/* End PBXSourcesBuildPhase section */

/* Begin PBXTargetDependency section */
		76C7C9632A542E980049E815 /* PBXTargetDependency */ = {
			isa = PBXTargetDependency;
			target = 76C7C94A2A542E960049E815 /* FCMTest */;
			targetProxy = 76C7C9622A542E980049E815 /* PBXContainerItemProxy */;
		};
		76C7C96D2A542E980049E815 /* PBXTargetDependency */ = {
			isa = PBXTargetDependency;
			target = 76C7C94A2A542E960049E815 /* FCMTest */;
			targetProxy = 76C7C96C2A542E980049E815 /* PBXContainerItemProxy */;
		};
/* End PBXTargetDependency section */

/* Begin PBXVariantGroup section */
		76C7C9542A542E960049E815 /* Main.storyboard */ = {
			isa = PBXVariantGroup;
			children = (
				76C7C9552A542E960049E815 /* Base */,
			);
			name = Main.storyboard;
			sourceTree = "<group>";
		};
		76C7C9592A542E980049E815 /* LaunchScreen.storyboard */ = {
			isa = PBXVariantGroup;
			children = (
				76C7C95A2A542E980049E815 /* Base */,
			);
			name = LaunchScreen.storyboard;
			sourceTree = "<group>";
		};
/* End PBXVariantGroup section */

/* Begin XCBuildConfiguration section */
		76C7C9732A542E980049E815 /* Debug */ = {
			isa = XCBuildConfiguration;
			buildSettings = {
				ALWAYS_SEARCH_USER_PATHS = NO;
				CLANG_ANALYZER_NONNULL = YES;
				CLANG_ANALYZER_NUMBER_OBJECT_CONVERSION = YES_AGGRESSIVE;
				CLANG_CXX_LANGUAGE_STANDARD = "gnu++20";
				CLANG_ENABLE_MODULES = YES;
				CLANG_ENABLE_OBJC_ARC = YES;
				CLANG_ENABLE_OBJC_WEAK = YES;
				CLANG_WARN_BLOCK_CAPTURE_AUTORELEASING = YES;
				CLANG_WARN_BOOL_CONVERSION = YES;
				CLANG_WARN_COMMA = YES;
				CLANG_WARN_CONSTANT_CONVERSION = YES;
				CLANG_WARN_DEPRECATED_OBJC_IMPLEMENTATIONS = YES;
				CLANG_WARN_DIRECT_OBJC_ISA_USAGE = YES_ERROR;
				CLANG_WARN_DOCUMENTATION_COMMENTS = YES;
				CLANG_WARN_EMPTY_BODY = YES;
				CLANG_WARN_ENUM_CONVERSION = YES;
				CLANG_WARN_INFINITE_RECURSION = YES;
				CLANG_WARN_INT_CONVERSION = YES;
				CLANG_WARN_NON_LITERAL_NULL_CONVERSION = YES;
				CLANG_WARN_OBJC_IMPLICIT_RETAIN_SELF = YES;
				CLANG_WARN_OBJC_LITERAL_CONVERSION = YES;
				CLANG_WARN_OBJC_ROOT_CLASS = YES_ERROR;
				CLANG_WARN_QUOTED_INCLUDE_IN_FRAMEWORK_HEADER = YES;
				CLANG_WARN_RANGE_LOOP_ANALYSIS = YES;
				CLANG_WARN_STRICT_PROTOTYPES = YES;
				CLANG_WARN_SUSPICIOUS_MOVE = YES;
				CLANG_WARN_UNGUARDED_AVAILABILITY = YES_AGGRESSIVE;
				CLANG_WARN_UNREACHABLE_CODE = YES;
				CLANG_WARN__DUPLICATE_METHOD_MATCH = YES;
				COPY_PHASE_STRIP = NO;
				DEBUG_INFORMATION_FORMAT = dwarf;
				ENABLE_STRICT_OBJC_MSGSEND = YES;
				ENABLE_TESTABILITY = YES;
				GCC_C_LANGUAGE_STANDARD = gnu11;
				GCC_DYNAMIC_NO_PIC = NO;
				GCC_NO_COMMON_BLOCKS = YES;
				GCC_OPTIMIZATION_LEVEL = 0;
				GCC_PREPROCESSOR_DEFINITIONS = (
					"DEBUG=1",
					"$(inherited)",
				);
				GCC_WARN_64_TO_32_BIT_CONVERSION = YES;
				GCC_WARN_ABOUT_RETURN_TYPE = YES_ERROR;
				GCC_WARN_UNDECLARED_SELECTOR = YES;
				GCC_WARN_UNINITIALIZED_AUTOS = YES_AGGRESSIVE;
				GCC_WARN_UNUSED_FUNCTION = YES;
				GCC_WARN_UNUSED_VARIABLE = YES;
				IPHONEOS_DEPLOYMENT_TARGET = 16.4;
				MTL_ENABLE_DEBUG_INFO = INCLUDE_SOURCE;
				MTL_FAST_MATH = YES;
				ONLY_ACTIVE_ARCH = YES;
				SDKROOT = iphoneos;
				SWIFT_ACTIVE_COMPILATION_CONDITIONS = DEBUG;
				SWIFT_OPTIMIZATION_LEVEL = "-Onone";
			};
			name = Debug;
		};
		76C7C9742A542E980049E815 /* Release */ = {
			isa = XCBuildConfiguration;
			buildSettings = {
				ALWAYS_SEARCH_USER_PATHS = NO;
				CLANG_ANALYZER_NONNULL = YES;
				CLANG_ANALYZER_NUMBER_OBJECT_CONVERSION = YES_AGGRESSIVE;
				CLANG_CXX_LANGUAGE_STANDARD = "gnu++20";
				CLANG_ENABLE_MODULES = YES;
				CLANG_ENABLE_OBJC_ARC = YES;
				CLANG_ENABLE_OBJC_WEAK = YES;
				CLANG_WARN_BLOCK_CAPTURE_AUTORELEASING = YES;
				CLANG_WARN_BOOL_CONVERSION = YES;
				CLANG_WARN_COMMA = YES;
				CLANG_WARN_CONSTANT_CONVERSION = YES;
				CLANG_WARN_DEPRECATED_OBJC_IMPLEMENTATIONS = YES;
				CLANG_WARN_DIRECT_OBJC_ISA_USAGE = YES_ERROR;
				CLANG_WARN_DOCUMENTATION_COMMENTS = YES;
				CLANG_WARN_EMPTY_BODY = YES;
				CLANG_WARN_ENUM_CONVERSION = YES;
				CLANG_WARN_INFINITE_RECURSION = YES;
				CLANG_WARN_INT_CONVERSION = YES;
				CLANG_WARN_NON_LITERAL_NULL_CONVERSION = YES;
				CLANG_WARN_OBJC_IMPLICIT_RETAIN_SELF = YES;
				CLANG_WARN_OBJC_LITERAL_CONVERSION = YES;
				CLANG_WARN_OBJC_ROOT_CLASS = YES_ERROR;
				CLANG_WARN_QUOTED_INCLUDE_IN_FRAMEWORK_HEADER = YES;
				CLANG_WARN_RANGE_LOOP_ANALYSIS = YES;
				CLANG_WARN_STRICT_PROTOTYPES = YES;
				CLANG_WARN_SUSPICIOUS_MOVE = YES;
				CLANG_WARN_UNGUARDED_AVAILABILITY = YES_AGGRESSIVE;
				CLANG_WARN_UNREACHABLE_CODE = YES;
				CLANG_WARN__DUPLICATE_METHOD_MATCH = YES;
				COPY_PHASE_STRIP = NO;
				DEBUG_INFORMATION_FORMAT = "dwarf-with-dsym";
				ENABLE_NS_ASSERTIONS = NO;
				ENABLE_STRICT_OBJC_MSGSEND = YES;
				GCC_C_LANGUAGE_STANDARD = gnu11;
				GCC_NO_COMMON_BLOCKS = YES;
				GCC_WARN_64_TO_32_BIT_CONVERSION = YES;
				GCC_WARN_ABOUT_RETURN_TYPE = YES_ERROR;
				GCC_WARN_UNDECLARED_SELECTOR = YES;
				GCC_WARN_UNINITIALIZED_AUTOS = YES_AGGRESSIVE;
				GCC_WARN_UNUSED_FUNCTION = YES;
				GCC_WARN_UNUSED_VARIABLE = YES;
				IPHONEOS_DEPLOYMENT_TARGET = 16.4;
				MTL_ENABLE_DEBUG_INFO = NO;
				MTL_FAST_MATH = YES;
				SDKROOT = iphoneos;
				SWIFT_COMPILATION_MODE = wholemodule;
				SWIFT_OPTIMIZATION_LEVEL = "-O";
				VALIDATE_PRODUCT = YES;
			};
			name = Release;
		};
		76C7C9762A542E980049E815 /* Debug */ = {
			isa = XCBuildConfiguration;
			buildSettings = {
				ASSETCATALOG_COMPILER_APPICON_NAME = AppIcon;
				ASSETCATALOG_COMPILER_GLOBAL_ACCENT_COLOR_NAME = AccentColor;
				CODE_SIGN_ENTITLEMENTS = FCMTest/FCMTest.entitlements;
				CODE_SIGN_IDENTITY = "Apple Development";
				CODE_SIGN_STYLE = Automatic;
				CURRENT_PROJECT_VERSION = 1;
				DEVELOPMENT_TEAM = RF7GLLKTJB;
				GENERATE_INFOPLIST_FILE = YES;
				INFOPLIST_FILE = FCMTest/Info.plist;
				INFOPLIST_KEY_UIApplicationSupportsIndirectInputEvents = YES;
				INFOPLIST_KEY_UILaunchStoryboardName = LaunchScreen;
				INFOPLIST_KEY_UIMainStoryboardFile = Main;
				INFOPLIST_KEY_UISupportedInterfaceOrientations_iPad = "UIInterfaceOrientationPortrait UIInterfaceOrientationPortraitUpsideDown UIInterfaceOrientationLandscapeLeft UIInterfaceOrientationLandscapeRight";
				INFOPLIST_KEY_UISupportedInterfaceOrientations_iPhone = "UIInterfaceOrientationPortrait UIInterfaceOrientationLandscapeLeft UIInterfaceOrientationLandscapeRight";
				IPHONEOS_DEPLOYMENT_TARGET = 16.0;
				LD_RUNPATH_SEARCH_PATHS = (
					"$(inherited)",
					"@executable_path/Frameworks",
				);
				MARKETING_VERSION = 1.0;
				PRODUCT_BUNDLE_IDENTIFIER = bonf.FCMTest;
				PRODUCT_NAME = "$(TARGET_NAME)";
				PROVISIONING_PROFILE_SPECIFIER = "";
				SWIFT_EMIT_LOC_STRINGS = YES;
				SWIFT_VERSION = 5.0;
				TARGETED_DEVICE_FAMILY = "1,2";
			};
			name = Debug;
		};
		76C7C9772A542E980049E815 /* Release */ = {
			isa = XCBuildConfiguration;
			buildSettings = {
				ASSETCATALOG_COMPILER_APPICON_NAME = AppIcon;
				ASSETCATALOG_COMPILER_GLOBAL_ACCENT_COLOR_NAME = AccentColor;
				CODE_SIGN_ENTITLEMENTS = FCMTest/FCMTest.entitlements;
				CODE_SIGN_IDENTITY = "Apple Development";
				CODE_SIGN_STYLE = Automatic;
				CURRENT_PROJECT_VERSION = 1;
				DEVELOPMENT_TEAM = RF7GLLKTJB;
				GENERATE_INFOPLIST_FILE = YES;
				INFOPLIST_FILE = FCMTest/Info.plist;
				INFOPLIST_KEY_UIApplicationSupportsIndirectInputEvents = YES;
				INFOPLIST_KEY_UILaunchStoryboardName = LaunchScreen;
				INFOPLIST_KEY_UIMainStoryboardFile = Main;
				INFOPLIST_KEY_UISupportedInterfaceOrientations_iPad = "UIInterfaceOrientationPortrait UIInterfaceOrientationPortraitUpsideDown UIInterfaceOrientationLandscapeLeft UIInterfaceOrientationLandscapeRight";
				INFOPLIST_KEY_UISupportedInterfaceOrientations_iPhone = "UIInterfaceOrientationPortrait UIInterfaceOrientationLandscapeLeft UIInterfaceOrientationLandscapeRight";
				IPHONEOS_DEPLOYMENT_TARGET = 16.0;
				LD_RUNPATH_SEARCH_PATHS = (
					"$(inherited)",
					"@executable_path/Frameworks",
				);
				MARKETING_VERSION = 1.0;
				PRODUCT_BUNDLE_IDENTIFIER = bonf.FCMTest;
				PRODUCT_NAME = "$(TARGET_NAME)";
				PROVISIONING_PROFILE_SPECIFIER = "";
				SWIFT_EMIT_LOC_STRINGS = YES;
				SWIFT_VERSION = 5.0;
				TARGETED_DEVICE_FAMILY = "1,2";
			};
			name = Release;
		};
		76C7C9792A542E980049E815 /* Debug */ = {
			isa = XCBuildConfiguration;
			buildSettings = {
				ALWAYS_EMBED_SWIFT_STANDARD_LIBRARIES = YES;
				BUNDLE_LOADER = "$(TEST_HOST)";
				CODE_SIGN_STYLE = Automatic;
				CURRENT_PROJECT_VERSION = 1;
				DEVELOPMENT_TEAM = RF7GLLKTJB;
				GENERATE_INFOPLIST_FILE = YES;
				IPHONEOS_DEPLOYMENT_TARGET = 16.4;
				MARKETING_VERSION = 1.0;
				PRODUCT_BUNDLE_IDENTIFIER = bonf.FCMTestTests;
				PRODUCT_NAME = "$(TARGET_NAME)";
				SWIFT_EMIT_LOC_STRINGS = NO;
				SWIFT_VERSION = 5.0;
				TARGETED_DEVICE_FAMILY = "1,2";
				TEST_HOST = "$(BUILT_PRODUCTS_DIR)/FCMTest.app/$(BUNDLE_EXECUTABLE_FOLDER_PATH)/FCMTest";
			};
			name = Debug;
		};
		76C7C97A2A542E980049E815 /* Release */ = {
			isa = XCBuildConfiguration;
			buildSettings = {
				ALWAYS_EMBED_SWIFT_STANDARD_LIBRARIES = YES;
				BUNDLE_LOADER = "$(TEST_HOST)";
				CODE_SIGN_STYLE = Automatic;
				CURRENT_PROJECT_VERSION = 1;
				DEVELOPMENT_TEAM = RF7GLLKTJB;
				GENERATE_INFOPLIST_FILE = YES;
				IPHONEOS_DEPLOYMENT_TARGET = 16.4;
				MARKETING_VERSION = 1.0;
				PRODUCT_BUNDLE_IDENTIFIER = bonf.FCMTestTests;
				PRODUCT_NAME = "$(TARGET_NAME)";
				SWIFT_EMIT_LOC_STRINGS = NO;
				SWIFT_VERSION = 5.0;
				TARGETED_DEVICE_FAMILY = "1,2";
				TEST_HOST = "$(BUILT_PRODUCTS_DIR)/FCMTest.app/$(BUNDLE_EXECUTABLE_FOLDER_PATH)/FCMTest";
			};
			name = Release;
		};
		76C7C97C2A542E980049E815 /* Debug */ = {
			isa = XCBuildConfiguration;
			buildSettings = {
				ALWAYS_EMBED_SWIFT_STANDARD_LIBRARIES = YES;
				CODE_SIGN_STYLE = Automatic;
				CURRENT_PROJECT_VERSION = 1;
				DEVELOPMENT_TEAM = RF7GLLKTJB;
				GENERATE_INFOPLIST_FILE = YES;
				MARKETING_VERSION = 1.0;
				PRODUCT_BUNDLE_IDENTIFIER = bonf.FCMTestUITests;
				PRODUCT_NAME = "$(TARGET_NAME)";
				SWIFT_EMIT_LOC_STRINGS = NO;
				SWIFT_VERSION = 5.0;
				TARGETED_DEVICE_FAMILY = "1,2";
				TEST_TARGET_NAME = FCMTest;
			};
			name = Debug;
		};
		76C7C97D2A542E980049E815 /* Release */ = {
			isa = XCBuildConfiguration;
			buildSettings = {
				ALWAYS_EMBED_SWIFT_STANDARD_LIBRARIES = YES;
				CODE_SIGN_STYLE = Automatic;
				CURRENT_PROJECT_VERSION = 1;
				DEVELOPMENT_TEAM = RF7GLLKTJB;
				GENERATE_INFOPLIST_FILE = YES;
				MARKETING_VERSION = 1.0;
				PRODUCT_BUNDLE_IDENTIFIER = bonf.FCMTestUITests;
				PRODUCT_NAME = "$(TARGET_NAME)";
				SWIFT_EMIT_LOC_STRINGS = NO;
				SWIFT_VERSION = 5.0;
				TARGETED_DEVICE_FAMILY = "1,2";
				TEST_TARGET_NAME = FCMTest;
			};
			name = Release;
		};
/* End XCBuildConfiguration section */

/* Begin XCConfigurationList section */
		76C7C9462A542E960049E815 /* Build configuration list for PBXProject "FCMTest" */ = {
			isa = XCConfigurationList;
			buildConfigurations = (
				76C7C9732A542E980049E815 /* Debug */,
				76C7C9742A542E980049E815 /* Release */,
			);
			defaultConfigurationIsVisible = 0;
			defaultConfigurationName = Release;
		};
		76C7C9752A542E980049E815 /* Build configuration list for PBXNativeTarget "FCMTest" */ = {
			isa = XCConfigurationList;
			buildConfigurations = (
				76C7C9762A542E980049E815 /* Debug */,
				76C7C9772A542E980049E815 /* Release */,
			);
			defaultConfigurationIsVisible = 0;
			defaultConfigurationName = Release;
		};
		76C7C9782A542E980049E815 /* Build configuration list for PBXNativeTarget "FCMTestTests" */ = {
			isa = XCConfigurationList;
			buildConfigurations = (
				76C7C9792A542E980049E815 /* Debug */,
				76C7C97A2A542E980049E815 /* Release */,
			);
			defaultConfigurationIsVisible = 0;
			defaultConfigurationName = Release;
		};
		76C7C97B2A542E980049E815 /* Build configuration list for PBXNativeTarget "FCMTestUITests" */ = {
			isa = XCConfigurationList;
			buildConfigurations = (
				76C7C97C2A542E980049E815 /* Debug */,
				76C7C97D2A542E980049E815 /* Release */,
			);
			defaultConfigurationIsVisible = 0;
			defaultConfigurationName = Release;
		};
/* End XCConfigurationList section */

/* Begin XCRemoteSwiftPackageReference section */
		76C7C9802A5433440049E815 /* XCRemoteSwiftPackageReference "firebase-ios-sdk" */ = {
			isa = XCRemoteSwiftPackageReference;
			repositoryURL = "https://github.com/firebase/firebase-ios-sdk.git";
			requirement = {
				kind = upToNextMajorVersion;
				minimumVersion = 10.0.0;
			};
		};
/* End XCRemoteSwiftPackageReference section */

/* Begin XCSwiftPackageProductDependency section */
		76C7C9812A5433440049E815 /* FirebaseMessaging */ = {
			isa = XCSwiftPackageProductDependency;
			package = 76C7C9802A5433440049E815 /* XCRemoteSwiftPackageReference "firebase-ios-sdk" */;
			productName = FirebaseMessaging;
		};
/* End XCSwiftPackageProductDependency section */
	};
	rootObject = 76C7C9432A542E960049E815 /* Project object */;
}
